// !$*UTF8*$!
{
	archiveVersion = 1;
	classes = {
	};
	objectVersion = 45;
	objects = {

/* Begin PBXBuildFile section */
		3020A8E510A2EB600092F3FC /* RMUploadKit.framework in Frameworks */ = {isa = PBXBuildFile; fileRef = 3020A8E410A2EB600092F3FC /* RMUploadKit.framework */; };
		8D5B49B4048680CD000E48DA /* Cocoa.framework in Frameworks */ = {isa = PBXBuildFile; fileRef = 1058C7ADFEA557BF11CA2CBB /* Cocoa.framework */; };
		B2CCDA58122AE77300D42CE0 /* NSObject+SBJSON.m in Sources */ = {isa = PBXBuildFile; fileRef = B2CCDA4F122AE77300D42CE0 /* NSObject+SBJSON.m */; };
		B2CCDA59122AE77300D42CE0 /* NSString+SBJSON.m in Sources */ = {isa = PBXBuildFile; fileRef = B2CCDA51122AE77300D42CE0 /* NSString+SBJSON.m */; };
		B2CCDA5A122AE77300D42CE0 /* SBJsonBase.m in Sources */ = {isa = PBXBuildFile; fileRef = B2CCDA53122AE77300D42CE0 /* SBJsonBase.m */; };
		B2CCDA5B122AE77300D42CE0 /* SBJsonParser.m in Sources */ = {isa = PBXBuildFile; fileRef = B2CCDA55122AE77300D42CE0 /* SBJsonParser.m */; };
		B2CCDA5C122AE77300D42CE0 /* SBJsonWriter.m in Sources */ = {isa = PBXBuildFile; fileRef = B2CCDA57122AE77300D42CE0 /* SBJsonWriter.m */; };
		B2E460C5122AA91A00A915F8 /* CloudAppCredentials.m in Sources */ = {isa = PBXBuildFile; fileRef = B2E460BB122AA91A00A915F8 /* CloudAppCredentials.m */; };
		B2E460C6122AA91A00A915F8 /* CloudAppCredentialsViewController.m in Sources */ = {isa = PBXBuildFile; fileRef = B2E460BD122AA91A00A915F8 /* CloudAppCredentialsViewController.m */; };
		B2E460C7122AA91A00A915F8 /* CloudAppPlugin.m in Sources */ = {isa = PBXBuildFile; fileRef = B2E460BF122AA91A00A915F8 /* CloudAppPlugin.m */; };
		B2E460C8122AA91A00A915F8 /* CloudAppPreset.m in Sources */ = {isa = PBXBuildFile; fileRef = B2E460C1122AA91A00A915F8 /* CloudAppPreset.m */; };
		B2E460C9122AA91A00A915F8 /* CloudAppUploadTask.m in Sources */ = {isa = PBXBuildFile; fileRef = B2E460C3122AA91A00A915F8 /* CloudAppUploadTask.m */; };
		B2E460DD122AB19300A915F8 /* CredentialsView.xib in Resources */ = {isa = PBXBuildFile; fileRef = B2E460DB122AB19300A915F8 /* CredentialsView.xib */; };
		B2E460FD122AB31200A915F8 /* cloudapp.tif in Resources */ = {isa = PBXBuildFile; fileRef = B2E460FC122AB31200A915F8 /* cloudapp.tif */; };
		B2E46116122AB37000A915F8 /* PresetView.xib in Resources */ = {isa = PBXBuildFile; fileRef = B2E46114122AB37000A915F8 /* PresetView.xib */; };
		B2E4611E122AB41C00A915F8 /* CloudAppPresetViewController.m in Sources */ = {isa = PBXBuildFile; fileRef = B2E4611D122AB41C00A915F8 /* CloudAppPresetViewController.m */; };
		B2E46142122AB4D400A915F8 /* CloudAppConstants.m in Sources */ = {isa = PBXBuildFile; fileRef = B2E46141122AB4D400A915F8 /* CloudAppConstants.m */; };
		B2E46253122AB8BA00A915F8 /* ASIDownloadCache.m in Sources */ = {isa = PBXBuildFile; fileRef = B2E461B8122AB8BA00A915F8 /* ASIDownloadCache.m */; };
		B2E46254122AB8BA00A915F8 /* ASIFormDataRequest.m in Sources */ = {isa = PBXBuildFile; fileRef = B2E461BA122AB8BA00A915F8 /* ASIFormDataRequest.m */; };
		B2E46255122AB8BA00A915F8 /* ASIHTTPRequest.m in Sources */ = {isa = PBXBuildFile; fileRef = B2E461BC122AB8BA00A915F8 /* ASIHTTPRequest.m */; };
		B2E46256122AB8BA00A915F8 /* ASIInputStream.m in Sources */ = {isa = PBXBuildFile; fileRef = B2E461C0122AB8BA00A915F8 /* ASIInputStream.m */; };
		B2E46257122AB8BA00A915F8 /* ASINetworkQueue.m in Sources */ = {isa = PBXBuildFile; fileRef = B2E461C2122AB8BA00A915F8 /* ASINetworkQueue.m */; };
		B2E462B7122AB91000A915F8 /* SystemConfiguration.framework in Frameworks */ = {isa = PBXBuildFile; fileRef = B2E462B6122AB91000A915F8 /* SystemConfiguration.framework */; };
		B2E462B9122AB91000A915F8 /* libz.1.2.3.dylib in Frameworks */ = {isa = PBXBuildFile; fileRef = B2E462B8122AB91000A915F8 /* libz.1.2.3.dylib */; };
		B2E7611C122AA52100FDD0EA /* InfoPlist.strings in Resources */ = {isa = PBXBuildFile; fileRef = B2E76111122AA52100FDD0EA /* InfoPlist.strings */; };
/* End PBXBuildFile section */

/* Begin PBXFileReference section */
		089C1672FE841209C02AAC07 /* Foundation.framework */ = {isa = PBXFileReference; lastKnownFileType = wrapper.framework; name = Foundation.framework; path = /System/Library/Frameworks/Foundation.framework; sourceTree = "<absolute>"; };
		089C167FFE841241C02AAC07 /* AppKit.framework */ = {isa = PBXFileReference; lastKnownFileType = wrapper.framework; name = AppKit.framework; path = /System/Library/Frameworks/AppKit.framework; sourceTree = "<absolute>"; };
		1058C7ADFEA557BF11CA2CBB /* Cocoa.framework */ = {isa = PBXFileReference; lastKnownFileType = wrapper.framework; name = Cocoa.framework; path = /System/Library/Frameworks/Cocoa.framework; sourceTree = "<absolute>"; };
		3020A8E410A2EB600092F3FC /* RMUploadKit.framework */ = {isa = PBXFileReference; lastKnownFileType = wrapper.framework; name = RMUploadKit.framework; path = Frameworks/RMUploadKit.framework; sourceTree = "<group>"; };
		8D5B49B6048680CD000E48DA /* CloudApp.uploader */ = {isa = PBXFileReference; explicitFileType = wrapper.cfbundle; includeInIndex = 0; path = CloudApp.uploader; sourceTree = BUILT_PRODUCTS_DIR; };
		B2CCDA4D122AE77300D42CE0 /* JSON.h */ = {isa = PBXFileReference; fileEncoding = 4; lastKnownFileType = sourcecode.c.h; path = JSON.h; sourceTree = "<group>"; };
		B2CCDA4E122AE77300D42CE0 /* NSObject+SBJSON.h */ = {isa = PBXFileReference; fileEncoding = 4; lastKnownFileType = sourcecode.c.h; path = "NSObject+SBJSON.h"; sourceTree = "<group>"; };
		B2CCDA4F122AE77300D42CE0 /* NSObject+SBJSON.m */ = {isa = PBXFileReference; fileEncoding = 4; lastKnownFileType = sourcecode.c.objc; path = "NSObject+SBJSON.m"; sourceTree = "<group>"; };
		B2CCDA50122AE77300D42CE0 /* NSString+SBJSON.h */ = {isa = PBXFileReference; fileEncoding = 4; lastKnownFileType = sourcecode.c.h; path = "NSString+SBJSON.h"; sourceTree = "<group>"; };
		B2CCDA51122AE77300D42CE0 /* NSString+SBJSON.m */ = {isa = PBXFileReference; fileEncoding = 4; lastKnownFileType = sourcecode.c.objc; path = "NSString+SBJSON.m"; sourceTree = "<group>"; };
		B2CCDA52122AE77300D42CE0 /* SBJsonBase.h */ = {isa = PBXFileReference; fileEncoding = 4; lastKnownFileType = sourcecode.c.h; path = SBJsonBase.h; sourceTree = "<group>"; };
		B2CCDA53122AE77300D42CE0 /* SBJsonBase.m */ = {isa = PBXFileReference; fileEncoding = 4; lastKnownFileType = sourcecode.c.objc; path = SBJsonBase.m; sourceTree = "<group>"; };
		B2CCDA54122AE77300D42CE0 /* SBJsonParser.h */ = {isa = PBXFileReference; fileEncoding = 4; lastKnownFileType = sourcecode.c.h; path = SBJsonParser.h; sourceTree = "<group>"; };
		B2CCDA55122AE77300D42CE0 /* SBJsonParser.m */ = {isa = PBXFileReference; fileEncoding = 4; lastKnownFileType = sourcecode.c.objc; path = SBJsonParser.m; sourceTree = "<group>"; };
		B2CCDA56122AE77300D42CE0 /* SBJsonWriter.h */ = {isa = PBXFileReference; fileEncoding = 4; lastKnownFileType = sourcecode.c.h; path = SBJsonWriter.h; sourceTree = "<group>"; };
		B2CCDA57122AE77300D42CE0 /* SBJsonWriter.m */ = {isa = PBXFileReference; fileEncoding = 4; lastKnownFileType = sourcecode.c.objc; path = SBJsonWriter.m; sourceTree = "<group>"; };
		B2E460BA122AA91A00A915F8 /* CloudAppCredentials.h */ = {isa = PBXFileReference; fileEncoding = 4; lastKnownFileType = sourcecode.c.h; path = CloudAppCredentials.h; sourceTree = "<group>"; };
		B2E460BB122AA91A00A915F8 /* CloudAppCredentials.m */ = {isa = PBXFileReference; fileEncoding = 4; lastKnownFileType = sourcecode.c.objc; path = CloudAppCredentials.m; sourceTree = "<group>"; };
		B2E460BC122AA91A00A915F8 /* CloudAppCredentialsViewController.h */ = {isa = PBXFileReference; fileEncoding = 4; lastKnownFileType = sourcecode.c.h; path = CloudAppCredentialsViewController.h; sourceTree = "<group>"; };
		B2E460BD122AA91A00A915F8 /* CloudAppCredentialsViewController.m */ = {isa = PBXFileReference; fileEncoding = 4; lastKnownFileType = sourcecode.c.objc; path = CloudAppCredentialsViewController.m; sourceTree = "<group>"; };
		B2E460BE122AA91A00A915F8 /* CloudAppPlugin.h */ = {isa = PBXFileReference; fileEncoding = 4; lastKnownFileType = sourcecode.c.h; path = CloudAppPlugin.h; sourceTree = "<group>"; };
		B2E460BF122AA91A00A915F8 /* CloudAppPlugin.m */ = {isa = PBXFileReference; fileEncoding = 4; lastKnownFileType = sourcecode.c.objc; path = CloudAppPlugin.m; sourceTree = "<group>"; };
		B2E460C0122AA91A00A915F8 /* CloudAppPreset.h */ = {isa = PBXFileReference; fileEncoding = 4; lastKnownFileType = sourcecode.c.h; path = CloudAppPreset.h; sourceTree = "<group>"; };
		B2E460C1122AA91A00A915F8 /* CloudAppPreset.m */ = {isa = PBXFileReference; fileEncoding = 4; lastKnownFileType = sourcecode.c.objc; path = CloudAppPreset.m; sourceTree = "<group>"; };
		B2E460C2122AA91A00A915F8 /* CloudAppUploadTask.h */ = {isa = PBXFileReference; fileEncoding = 4; lastKnownFileType = sourcecode.c.h; path = CloudAppUploadTask.h; sourceTree = "<group>"; };
		B2E460C3122AA91A00A915F8 /* CloudAppUploadTask.m */ = {isa = PBXFileReference; fileEncoding = 4; lastKnownFileType = sourcecode.c.objc; path = CloudAppUploadTask.m; sourceTree = "<group>"; };
		B2E460DC122AB19300A915F8 /* English */ = {isa = PBXFileReference; lastKnownFileType = file.xib; name = English; path = English.lproj/CredentialsView.xib; sourceTree = "<group>"; };
		B2E460FC122AB31200A915F8 /* cloudapp.tif */ = {isa = PBXFileReference; lastKnownFileType = image.tiff; path = cloudapp.tif; sourceTree = "<group>"; };
		B2E46115122AB37000A915F8 /* English */ = {isa = PBXFileReference; lastKnownFileType = file.xib; name = English; path = English.lproj/PresetView.xib; sourceTree = "<group>"; };
		B2E4611C122AB41C00A915F8 /* CloudAppPresetViewController.h */ = {isa = PBXFileReference; fileEncoding = 4; lastKnownFileType = sourcecode.c.h; path = CloudAppPresetViewController.h; sourceTree = "<group>"; };
		B2E4611D122AB41C00A915F8 /* CloudAppPresetViewController.m */ = {isa = PBXFileReference; fileEncoding = 4; lastKnownFileType = sourcecode.c.objc; path = CloudAppPresetViewController.m; sourceTree = "<group>"; };
		B2E46140122AB4D400A915F8 /* CloudAppConstants.h */ = {isa = PBXFileReference; fileEncoding = 4; lastKnownFileType = sourcecode.c.h; path = CloudAppConstants.h; sourceTree = "<group>"; };
		B2E46141122AB4D400A915F8 /* CloudAppConstants.m */ = {isa = PBXFileReference; fileEncoding = 4; lastKnownFileType = sourcecode.c.objc; path = CloudAppConstants.m; sourceTree = "<group>"; };
		B2E461B6122AB8BA00A915F8 /* ASICacheDelegate.h */ = {isa = PBXFileReference; fileEncoding = 4; lastKnownFileType = sourcecode.c.h; path = ASICacheDelegate.h; sourceTree = "<group>"; };
		B2E461B7122AB8BA00A915F8 /* ASIDownloadCache.h */ = {isa = PBXFileReference; fileEncoding = 4; lastKnownFileType = sourcecode.c.h; path = ASIDownloadCache.h; sourceTree = "<group>"; };
		B2E461B8122AB8BA00A915F8 /* ASIDownloadCache.m */ = {isa = PBXFileReference; fileEncoding = 4; lastKnownFileType = sourcecode.c.objc; path = ASIDownloadCache.m; sourceTree = "<group>"; };
		B2E461B9122AB8BA00A915F8 /* ASIFormDataRequest.h */ = {isa = PBXFileReference; fileEncoding = 4; lastKnownFileType = sourcecode.c.h; path = ASIFormDataRequest.h; sourceTree = "<group>"; };
		B2E461BA122AB8BA00A915F8 /* ASIFormDataRequest.m */ = {isa = PBXFileReference; fileEncoding = 4; lastKnownFileType = sourcecode.c.objc; path = ASIFormDataRequest.m; sourceTree = "<group>"; };
		B2E461BB122AB8BA00A915F8 /* ASIHTTPRequest.h */ = {isa = PBXFileReference; fileEncoding = 4; lastKnownFileType = sourcecode.c.h; path = ASIHTTPRequest.h; sourceTree = "<group>"; };
		B2E461BC122AB8BA00A915F8 /* ASIHTTPRequest.m */ = {isa = PBXFileReference; fileEncoding = 4; lastKnownFileType = sourcecode.c.objc; path = ASIHTTPRequest.m; sourceTree = "<group>"; };
		B2E461BD122AB8BA00A915F8 /* ASIHTTPRequestConfig.h */ = {isa = PBXFileReference; fileEncoding = 4; lastKnownFileType = sourcecode.c.h; path = ASIHTTPRequestConfig.h; sourceTree = "<group>"; };
		B2E461BE122AB8BA00A915F8 /* ASIHTTPRequestDelegate.h */ = {isa = PBXFileReference; fileEncoding = 4; lastKnownFileType = sourcecode.c.h; path = ASIHTTPRequestDelegate.h; sourceTree = "<group>"; };
		B2E461BF122AB8BA00A915F8 /* ASIInputStream.h */ = {isa = PBXFileReference; fileEncoding = 4; lastKnownFileType = sourcecode.c.h; path = ASIInputStream.h; sourceTree = "<group>"; };
		B2E461C0122AB8BA00A915F8 /* ASIInputStream.m */ = {isa = PBXFileReference; fileEncoding = 4; lastKnownFileType = sourcecode.c.objc; path = ASIInputStream.m; sourceTree = "<group>"; };
		B2E461C1122AB8BA00A915F8 /* ASINetworkQueue.h */ = {isa = PBXFileReference; fileEncoding = 4; lastKnownFileType = sourcecode.c.h; path = ASINetworkQueue.h; sourceTree = "<group>"; };
		B2E461C2122AB8BA00A915F8 /* ASINetworkQueue.m */ = {isa = PBXFileReference; fileEncoding = 4; lastKnownFileType = sourcecode.c.objc; path = ASINetworkQueue.m; sourceTree = "<group>"; };
		B2E461C3122AB8BA00A915F8 /* ASIProgressDelegate.h */ = {isa = PBXFileReference; fileEncoding = 4; lastKnownFileType = sourcecode.c.h; path = ASIProgressDelegate.h; sourceTree = "<group>"; };
		B2E462B6122AB91000A915F8 /* SystemConfiguration.framework */ = {isa = PBXFileReference; lastKnownFileType = wrapper.framework; name = SystemConfiguration.framework; path = System/Library/Frameworks/SystemConfiguration.framework; sourceTree = SDKROOT; };
		B2E462B8122AB91000A915F8 /* libz.1.2.3.dylib */ = {isa = PBXFileReference; lastKnownFileType = "compiled.mach-o.dylib"; name = libz.1.2.3.dylib; path = usr/lib/libz.1.2.3.dylib; sourceTree = SDKROOT; };
		B2E7610F122AA52100FDD0EA /* CloudApp_Prefix.pch */ = {isa = PBXFileReference; fileEncoding = 4; lastKnownFileType = sourcecode.c.h; path = CloudApp_Prefix.pch; sourceTree = "<group>"; };
		B2E76112122AA52100FDD0EA /* English */ = {isa = PBXFileReference; fileEncoding = 4; lastKnownFileType = text.plist.strings; name = English; path = English.lproj/InfoPlist.strings; sourceTree = "<group>"; };
		B2E76115122AA52100FDD0EA /* Info.plist */ = {isa = PBXFileReference; fileEncoding = 4; lastKnownFileType = text.plist.xml; path = Info.plist; sourceTree = "<group>"; };
		D2F7E65807B2D6F200F64583 /* CoreData.framework */ = {isa = PBXFileReference; lastKnownFileType = wrapper.framework; name = CoreData.framework; path = /System/Library/Frameworks/CoreData.framework; sourceTree = "<absolute>"; };
/* End PBXFileReference section */

/* Begin PBXFrameworksBuildPhase section */
		8D5B49B3048680CD000E48DA /* Frameworks */ = {
			isa = PBXFrameworksBuildPhase;
			buildActionMask = 2147483647;
			files = (
				8D5B49B4048680CD000E48DA /* Cocoa.framework in Frameworks */,
				3020A8E510A2EB600092F3FC /* RMUploadKit.framework in Frameworks */,
				B2E462B7122AB91000A915F8 /* SystemConfiguration.framework in Frameworks */,
				B2E462B9122AB91000A915F8 /* libz.1.2.3.dylib in Frameworks */,
			);
			runOnlyForDeploymentPostprocessing = 0;
		};
/* End PBXFrameworksBuildPhase section */

/* Begin PBXGroup section */
		089C166AFE841209C02AAC07 /* «PROJECTNAME» */ = {
			isa = PBXGroup;
			children = (
				B2E76103122AA52100FDD0EA /* Classes */,
				B2E7610E122AA52100FDD0EA /* Other Sources */,
				B2E76110122AA52100FDD0EA /* Resources */,
				089C1671FE841209C02AAC07 /* Frameworks and Libraries */,
				19C28FB8FE9D52D311CA2CBB /* Products */,
			);
			name = "«PROJECTNAME»";
			sourceTree = "<group>";
		};
		089C1671FE841209C02AAC07 /* Frameworks and Libraries */ = {
			isa = PBXGroup;
			children = (
				1058C7ACFEA557BF11CA2CBB /* Linked Frameworks */,
				1058C7AEFEA557BF11CA2CBB /* Other Frameworks */,
			);
			name = "Frameworks and Libraries";
			sourceTree = "<group>";
		};
		1058C7ACFEA557BF11CA2CBB /* Linked Frameworks */ = {
			isa = PBXGroup;
			children = (
				3020A8E410A2EB600092F3FC /* RMUploadKit.framework */,
				1058C7ADFEA557BF11CA2CBB /* Cocoa.framework */,
				B2E462B6122AB91000A915F8 /* SystemConfiguration.framework */,
				B2E462B8122AB91000A915F8 /* libz.1.2.3.dylib */,
			);
			name = "Linked Frameworks";
			sourceTree = "<group>";
		};
		1058C7AEFEA557BF11CA2CBB /* Other Frameworks */ = {
			isa = PBXGroup;
			children = (
				089C167FFE841241C02AAC07 /* AppKit.framework */,
				D2F7E65807B2D6F200F64583 /* CoreData.framework */,
				089C1672FE841209C02AAC07 /* Foundation.framework */,
			);
			name = "Other Frameworks";
			sourceTree = "<group>";
		};
		19C28FB8FE9D52D311CA2CBB /* Products */ = {
			isa = PBXGroup;
			children = (
				8D5B49B6048680CD000E48DA /* CloudApp.uploader */,
			);
			name = Products;
			sourceTree = "<group>";
		};
		B2CCDA4C122AE77300D42CE0 /* JSON */ = {
			isa = PBXGroup;
			children = (
				B2CCDA4D122AE77300D42CE0 /* JSON.h */,
				B2CCDA4E122AE77300D42CE0 /* NSObject+SBJSON.h */,
				B2CCDA4F122AE77300D42CE0 /* NSObject+SBJSON.m */,
				B2CCDA50122AE77300D42CE0 /* NSString+SBJSON.h */,
				B2CCDA51122AE77300D42CE0 /* NSString+SBJSON.m */,
				B2CCDA52122AE77300D42CE0 /* SBJsonBase.h */,
				B2CCDA53122AE77300D42CE0 /* SBJsonBase.m */,
				B2CCDA54122AE77300D42CE0 /* SBJsonParser.h */,
				B2CCDA55122AE77300D42CE0 /* SBJsonParser.m */,
				B2CCDA56122AE77300D42CE0 /* SBJsonWriter.h */,
				B2CCDA57122AE77300D42CE0 /* SBJsonWriter.m */,
			);
			path = JSON;
			sourceTree = "<group>";
		};
		B2E46135122AB4AC00A915F8 /* View Controllers */ = {
			isa = PBXGroup;
			children = (
				B2E460BC122AA91A00A915F8 /* CloudAppCredentialsViewController.h */,
				B2E460BD122AA91A00A915F8 /* CloudAppCredentialsViewController.m */,
				B2E4611C122AB41C00A915F8 /* CloudAppPresetViewController.h */,
				B2E4611D122AB41C00A915F8 /* CloudAppPresetViewController.m */,
			);
			name = "View Controllers";
			sourceTree = "<group>";
		};
		B2E46143122AB4F700A915F8 /* Models */ = {
			isa = PBXGroup;
			children = (
				B2E460C0122AA91A00A915F8 /* CloudAppPreset.h */,
				B2E460C1122AA91A00A915F8 /* CloudAppPreset.m */,
				B2E460BA122AA91A00A915F8 /* CloudAppCredentials.h */,
				B2E460BB122AA91A00A915F8 /* CloudAppCredentials.m */,
			);
			name = Models;
			sourceTree = "<group>";
		};
		B2E46144122AB50500A915F8 /* Tasks */ = {
			isa = PBXGroup;
			children = (
				B2E460C2122AA91A00A915F8 /* CloudAppUploadTask.h */,
				B2E460C3122AA91A00A915F8 /* CloudAppUploadTask.m */,
			);
			name = Tasks;
			sourceTree = "<group>";
		};
		B2E46145122AB50C00A915F8 /* Plugin */ = {
			isa = PBXGroup;
			children = (
				B2E460BE122AA91A00A915F8 /* CloudAppPlugin.h */,
				B2E460BF122AA91A00A915F8 /* CloudAppPlugin.m */,
			);
			name = Plugin;
			sourceTree = "<group>";
		};
		B2E46189122AB8BA00A915F8 /* Vendor */ = {
			isa = PBXGroup;
			children = (
				B2E4618A122AB8BA00A915F8 /* ASIHTTPRequest */,
				B2CCDA4C122AE77300D42CE0 /* JSON */,
			);
			path = Vendor;
			sourceTree = "<group>";
		};
		B2E4618A122AB8BA00A915F8 /* ASIHTTPRequest */ = {
			isa = PBXGroup;
			children = (
				B2E461B3122AB8BA00A915F8 /* Classes */,
			);
			path = ASIHTTPRequest;
			sourceTree = "<group>";
		};
		B2E461B3122AB8BA00A915F8 /* Classes */ = {
			isa = PBXGroup;
			children = (
				B2E461B6122AB8BA00A915F8 /* ASICacheDelegate.h */,
				B2E461B7122AB8BA00A915F8 /* ASIDownloadCache.h */,
				B2E461B8122AB8BA00A915F8 /* ASIDownloadCache.m */,
				B2E461B9122AB8BA00A915F8 /* ASIFormDataRequest.h */,
				B2E461BA122AB8BA00A915F8 /* ASIFormDataRequest.m */,
				B2E461BB122AB8BA00A915F8 /* ASIHTTPRequest.h */,
				B2E461BC122AB8BA00A915F8 /* ASIHTTPRequest.m */,
				B2E461BD122AB8BA00A915F8 /* ASIHTTPRequestConfig.h */,
				B2E461BE122AB8BA00A915F8 /* ASIHTTPRequestDelegate.h */,
				B2E461BF122AB8BA00A915F8 /* ASIInputStream.h */,
				B2E461C0122AB8BA00A915F8 /* ASIInputStream.m */,
				B2E461C1122AB8BA00A915F8 /* ASINetworkQueue.h */,
				B2E461C2122AB8BA00A915F8 /* ASINetworkQueue.m */,
				B2E461C3122AB8BA00A915F8 /* ASIProgressDelegate.h */,
			);
			path = Classes;
			sourceTree = "<group>";
		};
		B2E76103122AA52100FDD0EA /* Classes */ = {
			isa = PBXGroup;
			children = (
				B2E46145122AB50C00A915F8 /* Plugin */,
				B2E46143122AB4F700A915F8 /* Models */,
				B2E46144122AB50500A915F8 /* Tasks */,
				B2E46135122AB4AC00A915F8 /* View Controllers */,
				B2E46189122AB8BA00A915F8 /* Vendor */,
			);
			path = Classes;
			sourceTree = "<group>";
		};
		B2E7610E122AA52100FDD0EA /* Other Sources */ = {
			isa = PBXGroup;
			children = (
				B2E7610F122AA52100FDD0EA /* CloudApp_Prefix.pch */,
				B2E46140122AB4D400A915F8 /* CloudAppConstants.h */,
				B2E46141122AB4D400A915F8 /* CloudAppConstants.m */,
			);
			path = "Other Sources";
			sourceTree = "<group>";
		};
		B2E76110122AA52100FDD0EA /* Resources */ = {
			isa = PBXGroup;
			children = (
				B2E460FC122AB31200A915F8 /* cloudapp.tif */,
				B2E46114122AB37000A915F8 /* PresetView.xib */,
				B2E460DB122AB19300A915F8 /* CredentialsView.xib */,
				B2E76111122AA52100FDD0EA /* InfoPlist.strings */,
				B2E76115122AA52100FDD0EA /* Info.plist */,
			);
			path = Resources;
			sourceTree = "<group>";
		};
/* End PBXGroup section */

/* Begin PBXNativeTarget section */
		8D5B49AC048680CD000E48DA /* CloudApp */ = {
			isa = PBXNativeTarget;
			buildConfigurationList = 1DEB913A08733D840010E9CD /* Build configuration list for PBXNativeTarget "CloudApp" */;
			buildPhases = (
				8D5B49AF048680CD000E48DA /* Resources */,
				8D5B49B1048680CD000E48DA /* Sources */,
				8D5B49B3048680CD000E48DA /* Frameworks */,
			);
			buildRules = (
			);
			dependencies = (
			);
			name = CloudApp;
			productInstallPath = "$(HOME)/Library/Bundles";
			productName = "«PROJECTNAME»";
			productReference = 8D5B49B6048680CD000E48DA /* CloudApp.uploader */;
			productType = "com.apple.product-type.bundle";
		};
/* End PBXNativeTarget section */

/* Begin PBXProject section */
		089C1669FE841209C02AAC07 /* Project object */ = {
			isa = PBXProject;
			attributes = {
				ORGANIZATIONNAME = "Sam Soffes";
			};
			buildConfigurationList = 1DEB913E08733D840010E9CD /* Build configuration list for PBXProject "CloudApp" */;
			compatibilityVersion = "Xcode 3.1";
			hasScannedForEncodings = 1;
			mainGroup = 089C166AFE841209C02AAC07 /* «PROJECTNAME» */;
			projectDirPath = "";
			projectRoot = "";
			targets = (
				8D5B49AC048680CD000E48DA /* CloudApp */,
			);
		};
/* End PBXProject section */

/* Begin PBXResourcesBuildPhase section */
		8D5B49AF048680CD000E48DA /* Resources */ = {
			isa = PBXResourcesBuildPhase;
			buildActionMask = 2147483647;
			files = (
				B2E7611C122AA52100FDD0EA /* InfoPlist.strings in Resources */,
				B2E460DD122AB19300A915F8 /* CredentialsView.xib in Resources */,
				B2E460FD122AB31200A915F8 /* cloudapp.tif in Resources */,
				B2E46116122AB37000A915F8 /* PresetView.xib in Resources */,
			);
			runOnlyForDeploymentPostprocessing = 0;
		};
/* End PBXResourcesBuildPhase section */

/* Begin PBXSourcesBuildPhase section */
		8D5B49B1048680CD000E48DA /* Sources */ = {
			isa = PBXSourcesBuildPhase;
			buildActionMask = 2147483647;
			files = (
				B2E460C5122AA91A00A915F8 /* CloudAppCredentials.m in Sources */,
				B2E460C6122AA91A00A915F8 /* CloudAppCredentialsViewController.m in Sources */,
				B2E460C7122AA91A00A915F8 /* CloudAppPlugin.m in Sources */,
				B2E460C8122AA91A00A915F8 /* CloudAppPreset.m in Sources */,
				B2E460C9122AA91A00A915F8 /* CloudAppUploadTask.m in Sources */,
				B2E4611E122AB41C00A915F8 /* CloudAppPresetViewController.m in Sources */,
				B2E46142122AB4D400A915F8 /* CloudAppConstants.m in Sources */,
				B2E46253122AB8BA00A915F8 /* ASIDownloadCache.m in Sources */,
				B2E46254122AB8BA00A915F8 /* ASIFormDataRequest.m in Sources */,
				B2E46255122AB8BA00A915F8 /* ASIHTTPRequest.m in Sources */,
				B2E46256122AB8BA00A915F8 /* ASIInputStream.m in Sources */,
				B2E46257122AB8BA00A915F8 /* ASINetworkQueue.m in Sources */,
				B2CCDA58122AE77300D42CE0 /* NSObject+SBJSON.m in Sources */,
				B2CCDA59122AE77300D42CE0 /* NSString+SBJSON.m in Sources */,
				B2CCDA5A122AE77300D42CE0 /* SBJsonBase.m in Sources */,
				B2CCDA5B122AE77300D42CE0 /* SBJsonParser.m in Sources */,
				B2CCDA5C122AE77300D42CE0 /* SBJsonWriter.m in Sources */,
			);
			runOnlyForDeploymentPostprocessing = 0;
		};
/* End PBXSourcesBuildPhase section */

/* Begin PBXVariantGroup section */
		B2E460DB122AB19300A915F8 /* CredentialsView.xib */ = {
			isa = PBXVariantGroup;
			children = (
				B2E460DC122AB19300A915F8 /* English */,
			);
			name = CredentialsView.xib;
			sourceTree = "<group>";
		};
		B2E46114122AB37000A915F8 /* PresetView.xib */ = {
			isa = PBXVariantGroup;
			children = (
				B2E46115122AB37000A915F8 /* English */,
			);
			name = PresetView.xib;
			sourceTree = "<group>";
		};
		B2E76111122AA52100FDD0EA /* InfoPlist.strings */ = {
			isa = PBXVariantGroup;
			children = (
				B2E76112122AA52100FDD0EA /* English */,
			);
			name = InfoPlist.strings;
			sourceTree = "<group>";
		};
/* End PBXVariantGroup section */

/* Begin XCBuildConfiguration section */
		1DEB913B08733D840010E9CD /* Debug */ = {
			isa = XCBuildConfiguration;
			buildSettings = {
				ALWAYS_SEARCH_USER_PATHS = NO;
				ARCHS = "$(ARCHS_STANDARD_64_BIT)";
				COPY_PHASE_STRIP = NO;
				FRAMEWORK_SEARCH_PATHS = (
					"$(inherited)",
					"\"$(SRCROOT)/Frameworks\"",
				);
				GCC_DYNAMIC_NO_PIC = NO;
				GCC_ENABLE_FIX_AND_CONTINUE = YES;
				GCC_ENABLE_OBJC_GC = required;
				GCC_MODEL_TUNING = G5;
				GCC_OPTIMIZATION_LEVEL = 0;
				GCC_PRECOMPILE_PREFIX_HEADER = YES;
				GCC_PREFIX_HEADER = "Other Sources/CloudApp_Prefix.pch";
				GCC_VERSION = com.apple.compilers.llvm.clang.1_0;
				INFOPLIST_FILE = Resources/Info.plist;
				INSTALL_PATH = "$(HOME)/Library/Bundles";
				PRODUCT_NAME = CloudApp;
				WRAPPER_EXTENSION = uploader;
			};
			name = Debug;
		};
		1DEB913C08733D840010E9CD /* Release */ = {
			isa = XCBuildConfiguration;
			buildSettings = {
				ALWAYS_SEARCH_USER_PATHS = NO;
				ARCHS = "$(ARCHS_STANDARD_64_BIT)";
				DEBUG_INFORMATION_FORMAT = "dwarf-with-dsym";
				FRAMEWORK_SEARCH_PATHS = (
					"$(inherited)",
					"\"$(SRCROOT)/Frameworks\"",
				);
				GCC_ENABLE_OBJC_GC = required;
				GCC_MODEL_TUNING = G5;
				GCC_PRECOMPILE_PREFIX_HEADER = YES;
				GCC_PREFIX_HEADER = "Other Sources/CloudApp_Prefix.pch";
				GCC_VERSION = com.apple.compilers.llvm.clang.1_0;
				INFOPLIST_FILE = Resources/Info.plist;
				INSTALL_PATH = "$(HOME)/Library/Bundles";
				PRODUCT_NAME = CloudApp;
				WRAPPER_EXTENSION = uploader;
			};
			name = Release;
		};
		1DEB913F08733D840010E9CD /* Debug */ = {
			isa = XCBuildConfiguration;
			buildSettings = {
				ARCHS = "$(ARCHS_STANDARD_32_64_BIT)";
				GCC_C_LANGUAGE_STANDARD = gnu99;
				GCC_OPTIMIZATION_LEVEL = 0;
				GCC_WARN_ABOUT_RETURN_TYPE = YES;
				GCC_WARN_UNUSED_VARIABLE = YES;
				ONLY_ACTIVE_ARCH = YES;
				PREBINDING = NO;
				SDKROOT = macosx10.6;
			};
			name = Debug;
		};
		1DEB914008733D840010E9CD /* Release */ = {
			isa = XCBuildConfiguration;
			buildSettings = {
				ARCHS = "$(ARCHS_STANDARD_32_64_BIT)";
				GCC_C_LANGUAGE_STANDARD = gnu99;
				GCC_WARN_ABOUT_RETURN_TYPE = YES;
				GCC_WARN_UNUSED_VARIABLE = YES;
				PREBINDING = NO;
				SDKROOT = macosx10.6;
			};
			name = Release;
		};
/* End XCBuildConfiguration section */

/* Begin XCConfigurationList section */
		1DEB913A08733D840010E9CD /* Build configuration list for PBXNativeTarget "CloudApp" */ = {
			isa = XCConfigurationList;
			buildConfigurations = (
				1DEB913B08733D840010E9CD /* Debug */,
				1DEB913C08733D840010E9CD /* Release */,
			);
			defaultConfigurationIsVisible = 0;
			defaultConfigurationName = Release;
		};
		1DEB913E08733D840010E9CD /* Build configuration list for PBXProject "CloudApp" */ = {
			isa = XCConfigurationList;
			buildConfigurations = (
				1DEB913F08733D840010E9CD /* Debug */,
				1DEB914008733D840010E9CD /* Release */,
			);
			defaultConfigurationIsVisible = 0;
			defaultConfigurationName = Release;
		};
/* End XCConfigurationList section */
	};
	rootObject = 089C1669FE841209C02AAC07 /* Project object */;
}
